
Microsoft Visual Studio Solution File, Format Version 12.00
# Visual Studio Version 16
VisualStudioVersion = 16.0.31624.102
MinimumVisualStudioVersion = 10.0.40219.1
Project("{2150E333-8FDC-42A3-9474-1A3956D46DE8}") = "1.DistribuitedServices", "1.DistribuitedServices", "{84C4924A-00BC-43F2-9456-EA68AC780A75}"
EndProject
Project("{2150E333-8FDC-42A3-9474-1A3956D46DE8}") = "2.ServiceLibrary", "2.ServiceLibrary", "{91676F09-EDD7-4F78-B32B-38FFE5D3DC56}"
EndProject
Project("{2150E333-8FDC-42A3-9474-1A3956D46DE8}") = "3.Domain", "3.Domain", "{93570E42-C985-44A6-9788-D9B7D4BA35A0}"
EndProject
Project("{2150E333-8FDC-42A3-9474-1A3956D46DE8}") = "4.Infraestructure", "4.Infraestructure", "{C16AAB12-3BFB-49D3-995D-170FCF3FEF6B}"
EndProject
Project("{2150E333-8FDC-42A3-9474-1A3956D46DE8}") = "WundaWashReservations", "WundaWashReservations", "{5D4E3F9F-4A65-4A3E-AA36-962B0E3F329F}"
EndProject
Project("{FAE04EC0-301F-11D3-BF4B-00C04F79EFBC}") = "WundaWashReservations.Core", "WundaWashReservations.Core\WundaWashReservations.Core.csproj", "{0563D180-C50E-4574-B9F4-ACC486761E7E}"
EndProject
Project("{FAE04EC0-301F-11D3-BF4B-00C04F79EFBC}") = "WundaWashReservations.ADO.Infra", "WundaWashReservations.ADO.Infra\WundaWashReservations.ADO.Infra.csproj", "{5F05997C-3FFF-49ED-9D34-EDDCADB8CA0F}"
EndProject
Project("{FAE04EC0-301F-11D3-BF4B-00C04F79EFBC}") = "WundaWashReservations.WebApi", "WundaWashReservations.WebApi\WundaWashReservations.WebApi.csproj", "{692BEB58-E48D-450D-A863-C08B8A9E6535}"
EndProject
Project("{FAE04EC0-301F-11D3-BF4B-00C04F79EFBC}") = "WundaWashReservations.ServiceLibrary", "WundaWashReservations.ServiceLibrary\WundaWashReservations.ServiceLibrary.csproj", "{4DA7E780-C6F0-4CB9-85EE-2416E88331F6}"
EndProject
Project("{FAE04EC0-301F-11D3-BF4B-00C04F79EFBC}") = "WundaWashReservations.MachineApi.Infra", "WundaWashReservations.MachineApi.Infra\WundaWashReservations.MachineApi.Infra.csproj", "{1B2871E3-3B16-4E4E-AB42-A8B707A29E5A}"
EndProject
Project("{2150E333-8FDC-42A3-9474-1A3956D46DE8}") = "WundaWashMachine", "WundaWashMachine", "{10F71B93-256E-453B-B747-680776920447}"
EndProject
Project("{2150E333-8FDC-42A3-9474-1A3956D46DE8}") = "1.DistribuitedServices", "1.DistribuitedServices", "{FAF762BC-F30E-4410-86F0-7A8265BE7A10}"
EndProject
Project("{FAE04EC0-301F-11D3-BF4B-00C04F79EFBC}") = "WundaWashMachine.WebApi", "WundaWashMachine.WebApi\WundaWashMachine.WebApi.csproj", "{BEC214D0-6FC3-4C1E-9DA7-F6F4883226F3}"
EndProject
Project("{2150E333-8FDC-42A3-9474-1A3956D46DE8}") = "2.ServiceLibrary", "2.ServiceLibrary", "{E968CD00-C828-425A-8D3D-C966C2946907}"
EndProject
Project("{2150E333-8FDC-42A3-9474-1A3956D46DE8}") = "3.Domain", "3.Domain", "{9CF620A9-3D97-4C71-B8DC-53405A38256D}"
EndProject
Project("{2150E333-8FDC-42A3-9474-1A3956D46DE8}") = "4.Infraestructure", "4.Infraestructure", "{1424A83B-E7B7-4C87-88B9-3B17CECEF1C1}"
EndProject
Project("{FAE04EC0-301F-11D3-BF4B-00C04F79EFBC}") = "WundaWashMachine.ServiceLibrary", "WundaWashMachine.ServiceLibrary\WundaWashMachine.ServiceLibrary.csproj", "{4A7BD795-6D0E-4C72-B575-C4B7191016BF}"
EndProject
Project("{FAE04EC0-301F-11D3-BF4B-00C04F79EFBC}") = "WundaWashMachine.Core", "WundaWashMachine.Core\WundaWashMachine.Core.csproj", "{231E9EE3-821C-4130-A16E-D15C61E871B8}"
EndProject
Project("{FAE04EC0-301F-11D3-BF4B-00C04F79EFBC}") = "WundaWashMachine.EF.Infra", "WundaWashMachine.EF.Infra\WundaWashMachine.EF.Infra.csproj", "{5D02FCE3-133D-48D8-B9DC-E3C40BA56A5B}"
EndProject
Project("{FAE04EC0-301F-11D3-BF4B-00C04F79EFBC}") = "WundaWashReservations.ServiceLibrary.Test", "WundaWashReservations.ServiceLibrary.Test\WundaWashReservations.ServiceLibrary.Test.csproj", "{400ADB51-09A0-4B00-98E2-50FAFD2AD356}"
EndProject
Project("{FAE04EC0-301F-11D3-BF4B-00C04F79EFBC}") = "WundaWashMachine.ServiceLibrary.Test", "WundaWashMachine.ServiceLibrary.Test\WundaWashMachine.ServiceLibrary.Test.csproj", "{2AF180F9-AE9E-44A4-81B0-3005388F6A25}"
EndProject
Project("{FAE04EC0-301F-11D3-BF4B-00C04F79EFBC}") = "WundaWashReservations.Email.Infra", "WundaWashReservations.Email.Infra\WundaWashReservations.Email.Infra.csproj", "{4609B4F5-88C0-4D0E-A75F-A118CA9F4824}"
EndProject
Global
	GlobalSection(SolutionConfigurationPlatforms) = preSolution
		Debug|Any CPU = Debug|Any CPU
		Release|Any CPU = Release|Any CPU
	EndGlobalSection
	GlobalSection(ProjectConfigurationPlatforms) = postSolution
		{0563D180-C50E-4574-B9F4-ACC486761E7E}.Debug|Any CPU.ActiveCfg = Debug|Any CPU
		{0563D180-C50E-4574-B9F4-ACC486761E7E}.Debug|Any CPU.Build.0 = Debug|Any CPU
		{0563D180-C50E-4574-B9F4-ACC486761E7E}.Release|Any CPU.ActiveCfg = Release|Any CPU
		{0563D180-C50E-4574-B9F4-ACC486761E7E}.Release|Any CPU.Build.0 = Release|Any CPU
		{5F05997C-3FFF-49ED-9D34-EDDCADB8CA0F}.Debug|Any CPU.ActiveCfg = Debug|Any CPU
		{5F05997C-3FFF-49ED-9D34-EDDCADB8CA0F}.Debug|Any CPU.Build.0 = Debug|Any CPU
		{5F05997C-3FFF-49ED-9D34-EDDCADB8CA0F}.Release|Any CPU.ActiveCfg = Release|Any CPU
		{5F05997C-3FFF-49ED-9D34-EDDCADB8CA0F}.Release|Any CPU.Build.0 = Release|Any CPU
		{692BEB58-E48D-450D-A863-C08B8A9E6535}.Debug|Any CPU.ActiveCfg = Debug|Any CPU
		{692BEB58-E48D-450D-A863-C08B8A9E6535}.Debug|Any CPU.Build.0 = Debug|Any CPU
		{692BEB58-E48D-450D-A863-C08B8A9E6535}.Release|Any CPU.ActiveCfg = Release|Any CPU
		{692BEB58-E48D-450D-A863-C08B8A9E6535}.Release|Any CPU.Build.0 = Release|Any CPU
		{4DA7E780-C6F0-4CB9-85EE-2416E88331F6}.Debug|Any CPU.ActiveCfg = Debug|Any CPU
		{4DA7E780-C6F0-4CB9-85EE-2416E88331F6}.Debug|Any CPU.Build.0 = Debug|Any CPU
		{4DA7E780-C6F0-4CB9-85EE-2416E88331F6}.Release|Any CPU.ActiveCfg = Release|Any CPU
		{4DA7E780-C6F0-4CB9-85EE-2416E88331F6}.Release|Any CPU.Build.0 = Release|Any CPU
		{1B2871E3-3B16-4E4E-AB42-A8B707A29E5A}.Debug|Any CPU.ActiveCfg = Debug|Any CPU
		{1B2871E3-3B16-4E4E-AB42-A8B707A29E5A}.Debug|Any CPU.Build.0 = Debug|Any CPU
		{1B2871E3-3B16-4E4E-AB42-A8B707A29E5A}.Release|Any CPU.ActiveCfg = Release|Any CPU
		{1B2871E3-3B16-4E4E-AB42-A8B707A29E5A}.Release|Any CPU.Build.0 = Release|Any CPU
		{BEC214D0-6FC3-4C1E-9DA7-F6F4883226F3}.Debug|Any CPU.ActiveCfg = Debug|Any CPU
		{BEC214D0-6FC3-4C1E-9DA7-F6F4883226F3}.Debug|Any CPU.Build.0 = Debug|Any CPU
		{BEC214D0-6FC3-4C1E-9DA7-F6F4883226F3}.Release|Any CPU.ActiveCfg = Release|Any CPU
		{BEC214D0-6FC3-4C1E-9DA7-F6F4883226F3}.Release|Any CPU.Build.0 = Release|Any CPU
		{4A7BD795-6D0E-4C72-B575-C4B7191016BF}.Debug|Any CPU.ActiveCfg = Debug|Any CPU
		{4A7BD795-6D0E-4C72-B575-C4B7191016BF}.Debug|Any CPU.Build.0 = Debug|Any CPU
		{4A7BD795-6D0E-4C72-B575-C4B7191016BF}.Release|Any CPU.ActiveCfg = Release|Any CPU
		{4A7BD795-6D0E-4C72-B575-C4B7191016BF}.Release|Any CPU.Build.0 = Release|Any CPU
		{231E9EE3-821C-4130-A16E-D15C61E871B8}.Debug|Any CPU.ActiveCfg = Debug|Any CPU
		{231E9EE3-821C-4130-A16E-D15C61E871B8}.Debug|Any CPU.Build.0 = Debug|Any CPU
		{231E9EE3-821C-4130-A16E-D15C61E871B8}.Release|Any CPU.ActiveCfg = Release|Any CPU
		{231E9EE3-821C-4130-A16E-D15C61E871B8}.Release|Any CPU.Build.0 = Release|Any CPU
		{5D02FCE3-133D-48D8-B9DC-E3C40BA56A5B}.Debug|Any CPU.ActiveCfg = Debug|Any CPU
		{5D02FCE3-133D-48D8-B9DC-E3C40BA56A5B}.Debug|Any CPU.Build.0 = Debug|Any CPU
		{5D02FCE3-133D-48D8-B9DC-E3C40BA56A5B}.Release|Any CPU.ActiveCfg = Release|Any CPU
		{5D02FCE3-133D-48D8-B9DC-E3C40BA56A5B}.Release|Any CPU.Build.0 = Release|Any CPU
		{400ADB51-09A0-4B00-98E2-50FAFD2AD356}.Debug|Any CPU.ActiveCfg = Debug|Any CPU
		{400ADB51-09A0-4B00-98E2-50FAFD2AD356}.Debug|Any CPU.Build.0 = Debug|Any CPU
		{400ADB51-09A0-4B00-98E2-50FAFD2AD356}.Release|Any CPU.ActiveCfg = Release|Any CPU
		{400ADB51-09A0-4B00-98E2-50FAFD2AD356}.Release|Any CPU.Build.0 = Release|Any CPU
		{2AF180F9-AE9E-44A4-81B0-3005388F6A25}.Debug|Any CPU.ActiveCfg = Debug|Any CPU
		{2AF180F9-AE9E-44A4-81B0-3005388F6A25}.Debug|Any CPU.Build.0 = Debug|Any CPU
		{2AF180F9-AE9E-44A4-81B0-3005388F6A25}.Release|Any CPU.ActiveCfg = Release|Any CPU
		{2AF180F9-AE9E-44A4-81B0-3005388F6A25}.Release|Any CPU.Build.0 = Release|Any CPU
		{4609B4F5-88C0-4D0E-A75F-A118CA9F4824}.Debug|Any CPU.ActiveCfg = Debug|Any CPU
		{4609B4F5-88C0-4D0E-A75F-A118CA9F4824}.Debug|Any CPU.Build.0 = Debug|Any CPU
		{4609B4F5-88C0-4D0E-A75F-A118CA9F4824}.Release|Any CPU.ActiveCfg = Release|Any CPU
		{4609B4F5-88C0-4D0E-A75F-A118CA9F4824}.Release|Any CPU.Build.0 = Release|Any CPU
	EndGlobalSection
	GlobalSection(SolutionProperties) = preSolution
		HideSolutionNode = FALSE
	EndGlobalSection
	GlobalSection(NestedProjects) = preSolution
		{84C4924A-00BC-43F2-9456-EA68AC780A75} = {5D4E3F9F-4A65-4A3E-AA36-962B0E3F329F}
		{91676F09-EDD7-4F78-B32B-38FFE5D3DC56} = {5D4E3F9F-4A65-4A3E-AA36-962B0E3F329F}
		{93570E42-C985-44A6-9788-D9B7D4BA35A0} = {5D4E3F9F-4A65-4A3E-AA36-962B0E3F329F}
		{C16AAB12-3BFB-49D3-995D-170FCF3FEF6B} = {5D4E3F9F-4A65-4A3E-AA36-962B0E3F329F}
		{0563D180-C50E-4574-B9F4-ACC486761E7E} = {93570E42-C985-44A6-9788-D9B7D4BA35A0}
		{5F05997C-3FFF-49ED-9D34-EDDCADB8CA0F} = {C16AAB12-3BFB-49D3-995D-170FCF3FEF6B}
		{692BEB58-E48D-450D-A863-C08B8A9E6535} = {84C4924A-00BC-43F2-9456-EA68AC780A75}
		{4DA7E780-C6F0-4CB9-85EE-2416E88331F6} = {91676F09-EDD7-4F78-B32B-38FFE5D3DC56}
		{1B2871E3-3B16-4E4E-AB42-A8B707A29E5A} = {C16AAB12-3BFB-49D3-995D-170FCF3FEF6B}
		{FAF762BC-F30E-4410-86F0-7A8265BE7A10} = {10F71B93-256E-453B-B747-680776920447}
		{BEC214D0-6FC3-4C1E-9DA7-F6F4883226F3} = {FAF762BC-F30E-4410-86F0-7A8265BE7A10}
		{E968CD00-C828-425A-8D3D-C966C2946907} = {10F71B93-256E-453B-B747-680776920447}
		{9CF620A9-3D97-4C71-B8DC-53405A38256D} = {10F71B93-256E-453B-B747-680776920447}
		{1424A83B-E7B7-4C87-88B9-3B17CECEF1C1} = {10F71B93-256E-453B-B747-680776920447}
		{4A7BD795-6D0E-4C72-B575-C4B7191016BF} = {E968CD00-C828-425A-8D3D-C966C2946907}
		{231E9EE3-821C-4130-A16E-D15C61E871B8} = {9CF620A9-3D97-4C71-B8DC-53405A38256D}
		{5D02FCE3-133D-48D8-B9DC-E3C40BA56A5B} = {1424A83B-E7B7-4C87-88B9-3B17CECEF1C1}
		{400ADB51-09A0-4B00-98E2-50FAFD2AD356} = {91676F09-EDD7-4F78-B32B-38FFE5D3DC56}
		{2AF180F9-AE9E-44A4-81B0-3005388F6A25} = {E968CD00-C828-425A-8D3D-C966C2946907}
		{4609B4F5-88C0-4D0E-A75F-A118CA9F4824} = {C16AAB12-3BFB-49D3-995D-170FCF3FEF6B}
	EndGlobalSection
	GlobalSection(ExtensibilityGlobals) = postSolution
		SolutionGuid = {9929D756-3EF0-4D38-8EC8-68E884CA4D02}
	EndGlobalSection
EndGlobal
